
Microsoft Visual Studio Solution File, Format Version 12.00
Project("{FAE04EC0-301F-11D3-BF4B-00C04F79EFBC}") = "KKS_StudioDefaultData", "KKS_StudioDefaultData\KKS_StudioDefaultData.csproj", "{9034ED36-30DF-46FC-9C3C-12E383B51733}"
EndProject
Global
	GlobalSection(SolutionConfigurationPlatforms) = preSolution
		Debug|Any CPU = Debug|Any CPU
		Release|Any CPU = Release|Any CPU
	EndGlobalSection
	GlobalSection(ProjectConfigurationPlatforms) = postSolution
		{9034ED36-30DF-46FC-9C3C-12E383B51733}.Debug|Any CPU.ActiveCfg = Debug|Any CPU
		{9034ED36-30DF-46FC-9C3C-12E383B51733}.Debug|Any CPU.Build.0 = Debug|Any CPU
		{9034ED36-30DF-46FC-9C3C-12E383B51733}.Release|Any CPU.ActiveCfg = Release|Any CPU
		{9034ED36-30DF-46FC-9C3C-12E383B51733}.Release|Any CPU.Build.0 = Release|Any CPU
	EndGlobalSection
EndGlobal
